github.com/google/uuid v1.3.0 h1:t6JiXgmwXMjEs8VusXIJk2BXHsn+wx8BZdTaoZ5fu7I=
github.com/google/uuid v1.3.0/go.mod h1:TIyPZe4MgqvfeYDBFedMoGGpEw/LqOeaOT+nhxU+yHo=
golang.org/x/exp v0.0.0-20230202163644-54bba9f4231b h1:EqBVA+nNsObCwQoBEHy4wLU0pi7i8a4AL3pbItPdPkE=
golang.org/x/exp v0.0.0-20230202163644-54bba9f4231b/go.mod h1:CxIveKay+FTh1D0yPZemJVgC/95VzuuOLq5Qi4xnoYc=
